{
  "name": "svganimtests",
  "lockfileVersion": 3,
  "requires": true,
  "packages": {
    "": {
      "dependencies": {
        "curve-matcher": "^1.1.1"
      }
    },
    "node_modules/curve-matcher": {
      "version": "1.1.1",
      "resolved": "https://registry.npmjs.org/curve-matcher/-/curve-matcher-1.1.1.tgz",
      "integrity": "sha512-dVjbB4izZ+nkxU5oq15ElZk2IFpR1oTb1wEfMolOADse8veTn+iwF6wXejS4ll9DZRtO0/s95BDiIz6QXuE5bA==",
      "engines": {
        "node": ">=6.0.0"
      }
    }
  }
}
